
Microsoft Visual Studio Solution File, Format Version 12.00
# Visual Studio 15
Project("{FAE04EC0-301F-11D3-BF4B-00C04F79EFBC}") = "EnoxSoftware.OpenCVForUnity", "EnoxSoftware.OpenCVForUnity.csproj", "{CDEEF1B6-6BFA-4927-4E85-B048AF3931C3}"
EndProject
Project("{FAE04EC0-301F-11D3-BF4B-00C04F79EFBC}") = "Assembly-CSharp", "Assembly-CSharp.csproj", "{C5F8831F-1E4D-2EE2-4FAE-8AC852490914}"
EndProject
Project("{FAE04EC0-301F-11D3-BF4B-00C04F79EFBC}") = "EnoxSoftware.OpenCVForUnity.Editor", "EnoxSoftware.OpenCVForUnity.Editor.csproj", "{4D4FDACD-5EDD-A764-5E55-06C44914E91E}"
EndProject
Global
	GlobalSection(SolutionConfigurationPlatforms) = preSolution
		Debug|Any CPU = Debug|Any CPU
		Release|Any CPU = Release|Any CPU
	EndGlobalSection
	GlobalSection(ProjectConfigurationPlatforms) = postSolution
		{CDEEF1B6-6BFA-4927-4E85-B048AF3931C3}.Debug|Any CPU.ActiveCfg = Debug|Any CPU
		{CDEEF1B6-6BFA-4927-4E85-B048AF3931C3}.Debug|Any CPU.Build.0 = Debug|Any CPU
		{CDEEF1B6-6BFA-4927-4E85-B048AF3931C3}.Release|Any CPU.ActiveCfg = Release|Any CPU
		{CDEEF1B6-6BFA-4927-4E85-B048AF3931C3}.Release|Any CPU.Build.0 = Release|Any CPU
		{C5F8831F-1E4D-2EE2-4FAE-8AC852490914}.Debug|Any CPU.ActiveCfg = Debug|Any CPU
		{C5F8831F-1E4D-2EE2-4FAE-8AC852490914}.Debug|Any CPU.Build.0 = Debug|Any CPU
		{C5F8831F-1E4D-2EE2-4FAE-8AC852490914}.Release|Any CPU.ActiveCfg = Release|Any CPU
		{C5F8831F-1E4D-2EE2-4FAE-8AC852490914}.Release|Any CPU.Build.0 = Release|Any CPU
		{4D4FDACD-5EDD-A764-5E55-06C44914E91E}.Debug|Any CPU.ActiveCfg = Debug|Any CPU
		{4D4FDACD-5EDD-A764-5E55-06C44914E91E}.Debug|Any CPU.Build.0 = Debug|Any CPU
		{4D4FDACD-5EDD-A764-5E55-06C44914E91E}.Release|Any CPU.ActiveCfg = Release|Any CPU
		{4D4FDACD-5EDD-A764-5E55-06C44914E91E}.Release|Any CPU.Build.0 = Release|Any CPU
	EndGlobalSection
	GlobalSection(SolutionProperties) = preSolution
		HideSolutionNode = FALSE
	EndGlobalSection
EndGlobal
